
Microsoft Visual Studio Solution File, Format Version 12.00
# Visual Studio Version 17
VisualStudioVersion = 17.4.33110.190
MinimumVisualStudioVersion = 10.0.40219.1
Project("{FAE04EC0-301F-11D3-BF4B-00C04F79EFBC}") = "TFSRepositories", "TFSRepositories\TFSRepositories.csproj", "{B34644D1-1A68-47D3-A736-EE83CCF40685}"
EndProject
Global
	GlobalSection(SolutionConfigurationPlatforms) = preSolution
		Debug|Any CPU = Debug|Any CPU
		Release|Any CPU = Release|Any CPU
	EndGlobalSection
	GlobalSection(ProjectConfigurationPlatforms) = postSolution
		{B34644D1-1A68-47D3-A736-EE83CCF40685}.Debug|Any CPU.ActiveCfg = Debug|Any CPU
		{B34644D1-1A68-47D3-A736-EE83CCF40685}.Debug|Any CPU.Build.0 = Debug|Any CPU
		{B34644D1-1A68-47D3-A736-EE83CCF40685}.Release|Any CPU.ActiveCfg = Release|Any CPU
		{B34644D1-1A68-47D3-A736-EE83CCF40685}.Release|Any CPU.Build.0 = Release|Any CPU
	EndGlobalSection
	GlobalSection(SolutionProperties) = preSolution
		HideSolutionNode = FALSE
	EndGlobalSection
	GlobalSection(ExtensibilityGlobals) = postSolution
		SolutionGuid = {FED0CE55-BEBD-4C5A-B816-3A4D1B6CFC27}
	EndGlobalSection
EndGlobal
